<?xml version="1.0" encoding="utf-8"?>
<Project ToolsVersion="4.0" xmlns="http://schemas.microsoft.com/developer/msbuild/2003">
  <ItemGroup>
    <Filter Include="소스 파일">
      <UniqueIdentifier>{4FC737F1-C7A5-4376-A066-2A32D752A2FF}</UniqueIdentifier>
      <Extensions>cpp;c;cc;cxx;def;odl;idl;hpj;bat;asm;asmx</Extensions>
    </Filter>
    <Filter Include="헤더 파일">
      <UniqueIdentifier>{93995380-89BD-4b04-88EB-625FBE52EBFB}</UniqueIdentifier>
      <Extensions>h;hh;hpp;hxx;hm;inl;inc;ipp;xsd</Extensions>
    </Filter>
    <Filter Include="리소스 파일">
      <UniqueIdentifier>{67DA6AB6-F800-4c08-8B7A-83BB121AAD01}</UniqueIdentifier>
      <Extensions>rc;ico;cur;bmp;dlg;rc2;rct;bin;rgs;gif;jpg;jpeg;jpe;resx;tiff;tif;png;wav;mfcribbon-ms</Extensions>
    </Filter>
    <Filter Include="소스 파일\Part2">
      <UniqueIdentifier>{558f6c4b-0f70-4eaa-83a2-382a6b22ed2e}</UniqueIdentifier>
    </Filter>
    <Filter Include="소스 파일\Part2\Phonebook">
      <UniqueIdentifier>{8bf0d0df-a493-4eab-a204-c70a2037f8e7}</UniqueIdentifier>
    </Filter>
    <Filter Include="헤더 파일\Part2">
      <UniqueIdentifier>{e272c7c8-f874-41a2-8986-9af9cfba4ec5}</UniqueIdentifier>
    </Filter>
    <Filter Include="헤더 파일\Part2\Phonebook">
      <UniqueIdentifier>{5121eabc-5f67-4846-9aa6-18c54233dd51}</UniqueIdentifier>
    </Filter>
    <Filter Include="소스 파일\Part2\Game">
      <UniqueIdentifier>{f0ec4d08-46d9-48e1-b5a2-a843ac418820}</UniqueIdentifier>
    </Filter>
    <Filter Include="헤더 파일\Part2\Game">
      <UniqueIdentifier>{e065a97d-76eb-4d7a-b90b-10a574f882ea}</UniqueIdentifier>
    </Filter>
    <Filter Include="소스 파일\Part2\DVD">
      <UniqueIdentifier>{675c4bee-9003-493e-8aaf-b449bb21c6bf}</UniqueIdentifier>
    </Filter>
    <Filter Include="헤더 파일\Part2\DVD">
      <UniqueIdentifier>{0e005dbf-e02f-441b-9015-02627f338f64}</UniqueIdentifier>
    </Filter>
    <Filter Include="소스 파일\Part2\Tetris">
      <UniqueIdentifier>{1170a9bb-c82c-4962-9907-94db2e4b8af4}</UniqueIdentifier>
    </Filter>
    <Filter Include="헤더 파일\Part2\Tetris">
      <UniqueIdentifier>{d72c6f7d-6880-4b83-85a4-3467a52bf105}</UniqueIdentifier>
    </Filter>
  </ItemGroup>
  <ItemGroup>
    <ClCompile Include="tetrisMain.c">
      <Filter>소스 파일\Part2\Tetris</Filter>
    </ClCompile>
    <ClCompile Include="cursorInfo.c">
      <Filter>소스 파일\Part2\Tetris</Filter>
    </ClCompile>
    <ClCompile Include="blockControl.c">
      <Filter>소스 파일\Part2\Tetris</Filter>
    </ClCompile>
  </ItemGroup>
  <ItemGroup>
    <ClInclude Include="t_common.h">
      <Filter>헤더 파일\Part2\Tetris</Filter>
    </ClInclude>
    <ClInclude Include="blockModel.h">
      <Filter>헤더 파일\Part2\Tetris</Filter>
    </ClInclude>
    <ClInclude Include="cursorInfo.h">
      <Filter>헤더 파일\Part2\Tetris</Filter>
    </ClInclude>
    <ClInclude Include="blockControl.h">
      <Filter>헤더 파일\Part2\Tetris</Filter>
    </ClInclude>
  </ItemGroup>
</Project>